
Microsoft Visual Studio Solution File, Format Version 12.00
# Visual Studio Version 17
VisualStudioVersion = 17.7.34031.279
MinimumVisualStudioVersion = 10.0.40219.1
Project("{8BC9CEB8-8B4A-11D0-8D11-00A0C91BC942}") = "w3p1", "w3p1.vcxproj", "{6000DD29-A798-43C7-822E-2C19A3797994}"
EndProject
Global
	GlobalSection(SolutionConfigurationPlatforms) = preSolution
		Debug|x64 = Debug|x64
		Debug|x86 = Debug|x86
		Release|x64 = Release|x64
		Release|x86 = Release|x86
	EndGlobalSection
	GlobalSection(ProjectConfigurationPlatforms) = postSolution
		{6000DD29-A798-43C7-822E-2C19A3797994}.Debug|x64.ActiveCfg = Debug|x64
		{6000DD29-A798-43C7-822E-2C19A3797994}.Debug|x64.Build.0 = Debug|x64
		{6000DD29-A798-43C7-822E-2C19A3797994}.Debug|x86.ActiveCfg = Debug|Win32
		{6000DD29-A798-43C7-822E-2C19A3797994}.Debug|x86.Build.0 = Debug|Win32
		{6000DD29-A798-43C7-822E-2C19A3797994}.Release|x64.ActiveCfg = Release|x64
		{6000DD29-A798-43C7-822E-2C19A3797994}.Release|x64.Build.0 = Release|x64
		{6000DD29-A798-43C7-822E-2C19A3797994}.Release|x86.ActiveCfg = Release|Win32
		{6000DD29-A798-43C7-822E-2C19A3797994}.Release|x86.Build.0 = Release|Win32
	EndGlobalSection
	GlobalSection(SolutionProperties) = preSolution
		HideSolutionNode = FALSE
	EndGlobalSection
	GlobalSection(ExtensibilityGlobals) = postSolution
		SolutionGuid = {A886971B-0E0D-4022-A209-541C6A89F57D}
	EndGlobalSection
EndGlobal
